
Microsoft Visual Studio Solution File, Format Version 12.00
# Visual Studio Version 16
VisualStudioVersion = 16.0.29215.179
MinimumVisualStudioVersion = 10.0.40219.1
Project("{FAE04EC0-301F-11D3-BF4B-00C04F79EFBC}") = "MvcBasic_Clone", "MvcBasic_Clone\MvcBasic_Clone.csproj", "{61771138-8C10-404B-9BAB-82F98349DA9D}"
EndProject
Global
	GlobalSection(SolutionConfigurationPlatforms) = preSolution
		Debug|Any CPU = Debug|Any CPU
		Release|Any CPU = Release|Any CPU
	EndGlobalSection
	GlobalSection(ProjectConfigurationPlatforms) = postSolution
		{61771138-8C10-404B-9BAB-82F98349DA9D}.Debug|Any CPU.ActiveCfg = Debug|Any CPU
		{61771138-8C10-404B-9BAB-82F98349DA9D}.Debug|Any CPU.Build.0 = Debug|Any CPU
		{61771138-8C10-404B-9BAB-82F98349DA9D}.Release|Any CPU.ActiveCfg = Release|Any CPU
		{61771138-8C10-404B-9BAB-82F98349DA9D}.Release|Any CPU.Build.0 = Release|Any CPU
	EndGlobalSection
	GlobalSection(SolutionProperties) = preSolution
		HideSolutionNode = FALSE
	EndGlobalSection
	GlobalSection(ExtensibilityGlobals) = postSolution
		SolutionGuid = {A1D73231-FEBA-4484-BC92-1218FDD46204}
	EndGlobalSection
EndGlobal
